// !$*UTF8*$!
{
	archiveVersion = 1;
	classes = {
	};
	objectVersion = 46;
	objects = {

/* Begin PBXBuildFile section */
		AC0B7BB81E1347CA0019B6F4 /* main.m in Sources */ = {isa = PBXBuildFile; fileRef = AC0B7BB71E1347CA0019B6F4 /* main.m */; };
		AC0B7BBB1E1347CA0019B6F4 /* AppDelegate.m in Sources */ = {isa = PBXBuildFile; fileRef = AC0B7BBA1E1347CA0019B6F4 /* AppDelegate.m */; };
		AC0B7BBE1E1347CA0019B6F4 /* ViewController.m in Sources */ = {isa = PBXBuildFile; fileRef = AC0B7BBD1E1347CA0019B6F4 /* ViewController.m */; };
		AC0B7BC11E1347CA0019B6F4 /* Main.storyboard in Resources */ = {isa = PBXBuildFile; fileRef = AC0B7BBF1E1347CA0019B6F4 /* Main.storyboard */; };
		AC0B7BC31E1347CA0019B6F4 /* Assets.xcassets in Resources */ = {isa = PBXBuildFile; fileRef = AC0B7BC21E1347CA0019B6F4 /* Assets.xcassets */; };
		AC0B7BC61E1347CA0019B6F4 /* LaunchScreen.storyboard in Resources */ = {isa = PBXBuildFile; fileRef = AC0B7BC41E1347CA0019B6F4 /* LaunchScreen.storyboard */; };
		AC0B7BD11E1347CA0019B6F4 /* TextRotatorTests.m in Sources */ = {isa = PBXBuildFile; fileRef = AC0B7BD01E1347CA0019B6F4 /* TextRotatorTests.m */; };
		AC0B7BDD1E1348960019B6F4 /* TextRotatorView.m in Sources */ = {isa = PBXBuildFile; fileRef = AC0B7BDC1E1348960019B6F4 /* TextRotatorView.m */; };
/* End PBXBuildFile section */

/* Begin PBXContainerItemProxy section */
		AC0B7BCD1E1347CA0019B6F4 /* PBXContainerItemProxy */ = {
			isa = PBXContainerItemProxy;
			containerPortal = AC0B7BAB1E1347CA0019B6F4 /* Project object */;
			proxyType = 1;
			remoteGlobalIDString = AC0B7BB21E1347CA0019B6F4;
			remoteInfo = TextRotator;
		};
/* End PBXContainerItemProxy section */

/* Begin PBXFileReference section */
		AC0B7BB31E1347CA0019B6F4 /* TextRotator.app */ = {isa = PBXFileReference; explicitFileType = wrapper.application; includeInIndex = 0; path = TextRotator.app; sourceTree = BUILT_PRODUCTS_DIR; };
		AC0B7BB71E1347CA0019B6F4 /* main.m */ = {isa = PBXFileReference; lastKnownFileType = sourcecode.c.objc; path = main.m; sourceTree = "<group>"; };
		AC0B7BB91E1347CA0019B6F4 /* AppDelegate.h */ = {isa = PBXFileReference; lastKnownFileType = sourcecode.c.h; path = AppDelegate.h; sourceTree = "<group>"; };
		AC0B7BBA1E1347CA0019B6F4 /* AppDelegate.m */ = {isa = PBXFileReference; lastKnownFileType = sourcecode.c.objc; path = AppDelegate.m; sourceTree = "<group>"; };
		AC0B7BBC1E1347CA0019B6F4 /* ViewController.h */ = {isa = PBXFileReference; lastKnownFileType = sourcecode.c.h; path = ViewController.h; sourceTree = "<group>"; };
		AC0B7BBD1E1347CA0019B6F4 /* ViewController.m */ = {isa = PBXFileReference; lastKnownFileType = sourcecode.c.objc; path = ViewController.m; sourceTree = "<group>"; };
		AC0B7BC01E1347CA0019B6F4 /* Base */ = {isa = PBXFileReference; lastKnownFileType = file.storyboard; name = Base; path = Base.lproj/Main.storyboard; sourceTree = "<group>"; };
		AC0B7BC21E1347CA0019B6F4 /* Assets.xcassets */ = {isa = PBXFileReference; lastKnownFileType = folder.assetcatalog; path = Assets.xcassets; sourceTree = "<group>"; };
		AC0B7BC51E1347CA0019B6F4 /* Base */ = {isa = PBXFileReference; lastKnownFileType = file.storyboard; name = Base; path = Base.lproj/LaunchScreen.storyboard; sourceTree = "<group>"; };
		AC0B7BC71E1347CA0019B6F4 /* Info.plist */ = {isa = PBXFileReference; lastKnownFileType = text.plist.xml; path = Info.plist; sourceTree = "<group>"; };
		AC0B7BCC1E1347CA0019B6F4 /* TextRotatorTests.xctest */ = {isa = PBXFileReference; explicitFileType = wrapper.cfbundle; includeInIndex = 0; path = TextRotatorTests.xctest; sourceTree = BUILT_PRODUCTS_DIR; };
		AC0B7BD01E1347CA0019B6F4 /* TextRotatorTests.m */ = {isa = PBXFileReference; lastKnownFileType = sourcecode.c.objc; path = TextRotatorTests.m; sourceTree = "<group>"; };
		AC0B7BD21E1347CA0019B6F4 /* Info.plist */ = {isa = PBXFileReference; lastKnownFileType = text.plist.xml; path = Info.plist; sourceTree = "<group>"; };
		AC0B7BDB1E1348960019B6F4 /* TextRotatorView.h */ = {isa = PBXFileReference; fileEncoding = 4; lastKnownFileType = sourcecode.c.h; path = TextRotatorView.h; sourceTree = "<group>"; };
		AC0B7BDC1E1348960019B6F4 /* TextRotatorView.m */ = {isa = PBXFileReference; fileEncoding = 4; lastKnownFileType = sourcecode.c.objc; path = TextRotatorView.m; sourceTree = "<group>"; };
/* End PBXFileReference section */

/* Begin PBXFrameworksBuildPhase section */
		AC0B7BB01E1347CA0019B6F4 /* Frameworks */ = {
			isa = PBXFrameworksBuildPhase;
			buildActionMask = 2147483647;
			files = (
			);
			runOnlyForDeploymentPostprocessing = 0;
		};
		AC0B7BC91E1347CA0019B6F4 /* Frameworks */ = {
			isa = PBXFrameworksBuildPhase;
			buildActionMask = 2147483647;
			files = (
			);
			runOnlyForDeploymentPostprocessing = 0;
		};
/* End PBXFrameworksBuildPhase section */

/* Begin PBXGroup section */
		AC0B7BAA1E1347CA0019B6F4 = {
			isa = PBXGroup;
			children = (
				AC0B7BB51E1347CA0019B6F4 /* TextRotator */,
				AC0B7BCF1E1347CA0019B6F4 /* TextRotatorTests */,
				AC0B7BB41E1347CA0019B6F4 /* Products */,
			);
			sourceTree = "<group>";
		};
		AC0B7BB41E1347CA0019B6F4 /* Products */ = {
			isa = PBXGroup;
			children = (
				AC0B7BB31E1347CA0019B6F4 /* TextRotator.app */,
				AC0B7BCC1E1347CA0019B6F4 /* TextRotatorTests.xctest */,
			);
			name = Products;
			sourceTree = "<group>";
		};
		AC0B7BB51E1347CA0019B6F4 /* TextRotator */ = {
			isa = PBXGroup;
			children = (
				AC0B7BB91E1347CA0019B6F4 /* AppDelegate.h */,
				AC0B7BBA1E1347CA0019B6F4 /* AppDelegate.m */,
				AC0B7BDB1E1348960019B6F4 /* TextRotatorView.h */,
				AC0B7BDC1E1348960019B6F4 /* TextRotatorView.m */,
				AC0B7BBC1E1347CA0019B6F4 /* ViewController.h */,
				AC0B7BBD1E1347CA0019B6F4 /* ViewController.m */,
				AC0B7BBF1E1347CA0019B6F4 /* Main.storyboard */,
				AC0B7BC21E1347CA0019B6F4 /* Assets.xcassets */,
				AC0B7BC41E1347CA0019B6F4 /* LaunchScreen.storyboard */,
				AC0B7BC71E1347CA0019B6F4 /* Info.plist */,
				AC0B7BB61E1347CA0019B6F4 /* Supporting Files */,
			);
			path = TextRotator;
			sourceTree = "<group>";
		};
		AC0B7BB61E1347CA0019B6F4 /* Supporting Files */ = {
			isa = PBXGroup;
			children = (
				AC0B7BB71E1347CA0019B6F4 /* main.m */,
			);
			name = "Supporting Files";
			sourceTree = "<group>";
		};
		AC0B7BCF1E1347CA0019B6F4 /* TextRotatorTests */ = {
			isa = PBXGroup;
			children = (
				AC0B7BD01E1347CA0019B6F4 /* TextRotatorTests.m */,
				AC0B7BD21E1347CA0019B6F4 /* Info.plist */,
			);
			path = TextRotatorTests;
			sourceTree = "<group>";
		};
/* End PBXGroup section */

/* Begin PBXNativeTarget section */
		AC0B7BB21E1347CA0019B6F4 /* TextRotator */ = {
			isa = PBXNativeTarget;
			buildConfigurationList = AC0B7BD51E1347CA0019B6F4 /* Build configuration list for PBXNativeTarget "TextRotator" */;
			buildPhases = (
				AC0B7BAF1E1347CA0019B6F4 /* Sources */,
				AC0B7BB01E1347CA0019B6F4 /* Frameworks */,
				AC0B7BB11E1347CA0019B6F4 /* Resources */,
			);
			buildRules = (
			);
			dependencies = (
			);
			name = TextRotator;
			productName = TextRotator;
			productReference = AC0B7BB31E1347CA0019B6F4 /* TextRotator.app */;
			productType = "com.apple.product-type.application";
		};
		AC0B7BCB1E1347CA0019B6F4 /* TextRotatorTests */ = {
			isa = PBXNativeTarget;
			buildConfigurationList = AC0B7BD81E1347CA0019B6F4 /* Build configuration list for PBXNativeTarget "TextRotatorTests" */;
			buildPhases = (
				AC0B7BC81E1347CA0019B6F4 /* Sources */,
				AC0B7BC91E1347CA0019B6F4 /* Frameworks */,
				AC0B7BCA1E1347CA0019B6F4 /* Resources */,
			);
			buildRules = (
			);
			dependencies = (
				AC0B7BCE1E1347CA0019B6F4 /* PBXTargetDependency */,
			);
			name = TextRotatorTests;
			productName = TextRotatorTests;
			productReference = AC0B7BCC1E1347CA0019B6F4 /* TextRotatorTests.xctest */;
			productType = "com.apple.product-type.bundle.unit-test";
		};
/* End PBXNativeTarget section */

/* Begin PBXProject section */
		AC0B7BAB1E1347CA0019B6F4 /* Project object */ = {
			isa = PBXProject;
			attributes = {
				LastUpgradeCheck = 0820;
				ORGANIZATIONNAME = "Mario Diana";
				TargetAttributes = {
					AC0B7BB21E1347CA0019B6F4 = {
						CreatedOnToolsVersion = 8.2.1;
						DevelopmentTeam = M2KR5TEJPW;
						ProvisioningStyle = Automatic;
					};
					AC0B7BCB1E1347CA0019B6F4 = {
						CreatedOnToolsVersion = 8.2.1;
						DevelopmentTeam = M2KR5TEJPW;
						ProvisioningStyle = Automatic;
						TestTargetID = AC0B7BB21E1347CA0019B6F4;
					};
				};
			};
			buildConfigurationList = AC0B7BAE1E1347CA0019B6F4 /* Build configuration list for PBXProject "TextRotator" */;
			compatibilityVersion = "Xcode 3.2";
			developmentRegion = English;
			hasScannedForEncodings = 0;
			knownRegions = (
				en,
				Base,
			);
			mainGroup = AC0B7BAA1E1347CA0019B6F4;
			productRefGroup = AC0B7BB41E1347CA0019B6F4 /* Products */;
			projectDirPath = "";
			projectRoot = "";
			targets = (
				AC0B7BB21E1347CA0019B6F4 /* TextRotator */,
				AC0B7BCB1E1347CA0019B6F4 /* TextRotatorTests */,
			);
		};
/* End PBXProject section */

/* Begin PBXResourcesBuildPhase section */
		AC0B7BB11E1347CA0019B6F4 /* Resources */ = {
			isa = PBXResourcesBuildPhase;
			buildActionMask = 2147483647;
			files = (
				AC0B7BC61E1347CA0019B6F4 /* LaunchScreen.storyboard in Resources */,
				AC0B7BC31E1347CA0019B6F4 /* Assets.xcassets in Resources */,
				AC0B7BC11E1347CA0019B6F4 /* Main.storyboard in Resources */,
			);
			runOnlyForDeploymentPostprocessing = 0;
		};
		AC0B7BCA1E1347CA0019B6F4 /* Resources */ = {
			isa = PBXResourcesBuildPhase;
			buildActionMask = 2147483647;
			files = (
			);
			runOnlyForDeploymentPostprocessing = 0;
		};
/* End PBXResourcesBuildPhase section */

/* Begin PBXSourcesBuildPhase section */
		AC0B7BAF1E1347CA0019B6F4 /* Sources */ = {
			isa = PBXSourcesBuildPhase;
			buildActionMask = 2147483647;
			files = (
				AC0B7BBE1E1347CA0019B6F4 /* ViewController.m in Sources */,
				AC0B7BBB1E1347CA0019B6F4 /* AppDelegate.m in Sources */,
				AC0B7BB81E1347CA0019B6F4 /* main.m in Sources */,
				AC0B7BDD1E1348960019B6F4 /* TextRotatorView.m in Sources */,
			);
			runOnlyForDeploymentPostprocessing = 0;
		};
		AC0B7BC81E1347CA0019B6F4 /* Sources */ = {
			isa = PBXSourcesBuildPhase;
			buildActionMask = 2147483647;
			files = (
				AC0B7BD11E1347CA0019B6F4 /* TextRotatorTests.m in Sources */,
			);
			runOnlyForDeploymentPostprocessing = 0;
		};
/* End PBXSourcesBuildPhase section */

/* Begin PBXTargetDependency section */
		AC0B7BCE1E1347CA0019B6F4 /* PBXTargetDependency */ = {
			isa = PBXTargetDependency;
			target = AC0B7BB21E1347CA0019B6F4 /* TextRotator */;
			targetProxy = AC0B7BCD1E1347CA0019B6F4 /* PBXContainerItemProxy */;
		};
/* End PBXTargetDependency section */

/* Begin PBXVariantGroup section */
		AC0B7BBF1E1347CA0019B6F4 /* Main.storyboard */ = {
			isa = PBXVariantGroup;
			children = (
				AC0B7BC01E1347CA0019B6F4 /* Base */,
			);
			name = Main.storyboard;
			sourceTree = "<group>";
		};
		AC0B7BC41E1347CA0019B6F4 /* LaunchScreen.storyboard */ = {
			isa = PBXVariantGroup;
			children = (
				AC0B7BC51E1347CA0019B6F4 /* Base */,
			);
			name = LaunchScreen.storyboard;
			sourceTree = "<group>";
		};
/* End PBXVariantGroup section */

/* Begin XCBuildConfiguration section */
		AC0B7BD31E1347CA0019B6F4 /* Debug */ = {
			isa = XCBuildConfiguration;
			buildSettings = {
				ALWAYS_SEARCH_USER_PATHS = NO;
				CLANG_ANALYZER_NONNULL = YES;
				CLANG_CXX_LANGUAGE_STANDARD = "gnu++0x";
				CLANG_CXX_LIBRARY = "libc++";
				CLANG_ENABLE_MODULES = YES;
				CLANG_ENABLE_OBJC_ARC = YES;
				CLANG_WARN_BOOL_CONVERSION = YES;
				CLANG_WARN_CONSTANT_CONVERSION = YES;
				CLANG_WARN_DIRECT_OBJC_ISA_USAGE = YES_ERROR;
				CLANG_WARN_DOCUMENTATION_COMMENTS = YES;
				CLANG_WARN_EMPTY_BODY = YES;
				CLANG_WARN_ENUM_CONVERSION = YES;
				CLANG_WARN_INFINITE_RECURSION = YES;
				CLANG_WARN_INT_CONVERSION = YES;
				CLANG_WARN_OBJC_ROOT_CLASS = YES_ERROR;
				CLANG_WARN_SUSPICIOUS_MOVE = YES;
				CLANG_WARN_UNREACHABLE_CODE = YES;
				CLANG_WARN__DUPLICATE_METHOD_MATCH = YES;
				"CODE_SIGN_IDENTITY[sdk=iphoneos*]" = "iPhone Developer";
				COPY_PHASE_STRIP = NO;
				DEBUG_INFORMATION_FORMAT = dwarf;
				ENABLE_STRICT_OBJC_MSGSEND = YES;
				ENABLE_TESTABILITY = YES;
				GCC_C_LANGUAGE_STANDARD = gnu99;
				GCC_DYNAMIC_NO_PIC = NO;
				GCC_NO_COMMON_BLOCKS = YES;
				GCC_OPTIMIZATION_LEVEL = 0;
				GCC_PREPROCESSOR_DEFINITIONS = (
					"DEBUG=1",
					"$(inherited)",
				);
				GCC_WARN_64_TO_32_BIT_CONVERSION = YES;
				GCC_WARN_ABOUT_RETURN_TYPE = YES_ERROR;
				GCC_WARN_UNDECLARED_SELECTOR = YES;
				GCC_WARN_UNINITIALIZED_AUTOS = YES_AGGRESSIVE;
				GCC_WARN_UNUSED_FUNCTION = YES;
				GCC_WARN_UNUSED_VARIABLE = YES;
				IPHONEOS_DEPLOYMENT_TARGET = 10.2;
				MTL_ENABLE_DEBUG_INFO = YES;
				ONLY_ACTIVE_ARCH = YES;
				SDKROOT = iphoneos;
			};
			name = Debug;
		};
		AC0B7BD41E1347CA0019B6F4 /* Release */ = {
			isa = XCBuildConfiguration;
			buildSettings = {
				ALWAYS_SEARCH_USER_PATHS = NO;
				CLANG_ANALYZER_NONNULL = YES;
				CLANG_CXX_LANGUAGE_STANDARD = "gnu++0x";
				CLANG_CXX_LIBRARY = "libc++";
				CLANG_ENABLE_MODULES = YES;
				CLANG_ENABLE_OBJC_ARC = YES;
				CLANG_WARN_BOOL_CONVERSION = YES;
				CLANG_WARN_CONSTANT_CONVERSION = YES;
				CLANG_WARN_DIRECT_OBJC_ISA_USAGE = YES_ERROR;
				CLANG_WARN_DOCUMENTATION_COMMENTS = YES;
				CLANG_WARN_EMPTY_BODY = YES;
				CLANG_WARN_ENUM_CONVERSION = YES;
				CLANG_WARN_INFINITE_RECURSION = YES;
				CLANG_WARN_INT_CONVERSION = YES;
				CLANG_WARN_OBJC_ROOT_CLASS = YES_ERROR;
				CLANG_WARN_SUSPICIOUS_MOVE = YES;
				CLANG_WARN_UNREACHABLE_CODE = YES;
				CLANG_WARN__DUPLICATE_METHOD_MATCH = YES;
				"CODE_SIGN_IDENTITY[sdk=iphoneos*]" = "iPhone Developer";
				COPY_PHASE_STRIP = NO;
				DEBUG_INFORMATION_FORMAT = "dwarf-with-dsym";
				ENABLE_NS_ASSERTIONS = NO;
				ENABLE_STRICT_OBJC_MSGSEND = YES;
				GCC_C_LANGUAGE_STANDARD = gnu99;
				GCC_NO_COMMON_BLOCKS = YES;
				GCC_WARN_64_TO_32_BIT_CONVERSION = YES;
				GCC_WARN_ABOUT_RETURN_TYPE = YES_ERROR;
				GCC_WARN_UNDECLARED_SELECTOR = YES;
				GCC_WARN_UNINITIALIZED_AUTOS = YES_AGGRESSIVE;
				GCC_WARN_UNUSED_FUNCTION = YES;
				GCC_WARN_UNUSED_VARIABLE = YES;
				IPHONEOS_DEPLOYMENT_TARGET = 10.2;
				MTL_ENABLE_DEBUG_INFO = NO;
				SDKROOT = iphoneos;
				VALIDATE_PRODUCT = YES;
			};
			name = Release;
		};
		AC0B7BD61E1347CA0019B6F4 /* Debug */ = {
			isa = XCBuildConfiguration;
			buildSettings = {
				ASSETCATALOG_COMPILER_APPICON_NAME = AppIcon;
				DEVELOPMENT_TEAM = M2KR5TEJPW;
				INFOPLIST_FILE = TextRotator/Info.plist;
				LD_RUNPATH_SEARCH_PATHS = "$(inherited) @executable_path/Frameworks";
				PRODUCT_BUNDLE_IDENTIFIER = com.mariodiana.TextRotator;
				PRODUCT_NAME = "$(TARGET_NAME)";
			};
			name = Debug;
		};
		AC0B7BD71E1347CA0019B6F4 /* Release */ = {
			isa = XCBuildConfiguration;
			buildSettings = {
				ASSETCATALOG_COMPILER_APPICON_NAME = AppIcon;
				DEVELOPMENT_TEAM = M2KR5TEJPW;
				INFOPLIST_FILE = TextRotator/Info.plist;
				LD_RUNPATH_SEARCH_PATHS = "$(inherited) @executable_path/Frameworks";
				PRODUCT_BUNDLE_IDENTIFIER = com.mariodiana.TextRotator;
				PRODUCT_NAME = "$(TARGET_NAME)";
			};
			name = Release;
		};
		AC0B7BD91E1347CA0019B6F4 /* Debug */ = {
			isa = XCBuildConfiguration;
			buildSettings = {
				BUNDLE_LOADER = "$(TEST_HOST)";
				DEVELOPMENT_TEAM = M2KR5TEJPW;
				INFOPLIST_FILE = TextRotatorTests/Info.plist;
				LD_RUNPATH_SEARCH_PATHS = "$(inherited) @executable_path/Frameworks @loader_path/Frameworks";
				PRODUCT_BUNDLE_IDENTIFIER = com.mariodiana.TextRotatorTests;
				PRODUCT_NAME = "$(TARGET_NAME)";
				TEST_HOST = "$(BUILT_PRODUCTS_DIR)/TextRotator.app/TextRotator";
			};
			name = Debug;
		};
		AC0B7BDA1E1347CA0019B6F4 /* Release */ = {
			isa = XCBuildConfiguration;
			buildSettings = {
				BUNDLE_LOADER = "$(TEST_HOST)";
				DEVELOPMENT_TEAM = M2KR5TEJPW;
				INFOPLIST_FILE = TextRotatorTests/Info.plist;
				LD_RUNPATH_SEARCH_PATHS = "$(inherited) @executable_path/Frameworks @loader_path/Frameworks";
				PRODUCT_BUNDLE_IDENTIFIER = com.mariodiana.TextRotatorTests;
				PRODUCT_NAME = "$(TARGET_NAME)";
				TEST_HOST = "$(BUILT_PRODUCTS_DIR)/TextRotator.app/TextRotator";
			};
			name = Release;
		};
/* End XCBuildConfiguration section */

/* Begin XCConfigurationList section */
		AC0B7BAE1E1347CA0019B6F4 /* Build configuration list for PBXProject "TextRotator" */ = {
			isa = XCConfigurationList;
			buildConfigurations = (
				AC0B7BD31E1347CA0019B6F4 /* Debug */,
				AC0B7BD41E1347CA0019B6F4 /* Release */,
			);
			defaultConfigurationIsVisible = 0;
			defaultConfigurationName = Release;
		};
		AC0B7BD51E1347CA0019B6F4 /* Build configuration list for PBXNativeTarget "TextRotator" */ = {
			isa = XCConfigurationList;
			buildConfigurations = (
				AC0B7BD61E1347CA0019B6F4 /* Debug */,
				AC0B7BD71E1347CA0019B6F4 /* Release */,
			);
			defaultConfigurationIsVisible = 0;
		};
		AC0B7BD81E1347CA0019B6F4 /* Build configuration list for PBXNativeTarget "TextRotatorTests" */ = {
			isa = XCConfigurationList;
			buildConfigurations = (
				AC0B7BD91E1347CA0019B6F4 /* Debug */,
				AC0B7BDA1E1347CA0019B6F4 /* Release */,
			);
			defaultConfigurationIsVisible = 0;
		};
/* End XCConfigurationList section */
	};
	rootObject = AC0B7BAB1E1347CA0019B6F4 /* Project object */;
}
